// !$*UTF8*$!
{
	archiveVersion = 1;
	classes = {
	};
	objectVersion = 48;
	objects = {

/* Begin PBXBuildFile section */
		41017D6D25807226003A50E5 /* LableTableViewCell.swift in Sources */ = {isa = PBXBuildFile; fileRef = 41017D6B25807226003A50E5 /* LableTableViewCell.swift */; };
		41017D6E25807226003A50E5 /* LableTableViewCell.xib in Resources */ = {isa = PBXBuildFile; fileRef = 41017D6C25807226003A50E5 /* LableTableViewCell.xib */; };
		41017D7225807236003A50E5 /* TextFieldTableViewCell.swift in Sources */ = {isa = PBXBuildFile; fileRef = 41017D7025807236003A50E5 /* TextFieldTableViewCell.swift */; };
		41017D7325807236003A50E5 /* TextFieldTableViewCell.xib in Resources */ = {isa = PBXBuildFile; fileRef = 41017D7125807236003A50E5 /* TextFieldTableViewCell.xib */; };
		41017D7725807244003A50E5 /* TextField1TableViewCell.swift in Sources */ = {isa = PBXBuildFile; fileRef = 41017D7525807244003A50E5 /* TextField1TableViewCell.swift */; };
		41017D7825807244003A50E5 /* TextField1TableViewCell.xib in Resources */ = {isa = PBXBuildFile; fileRef = 41017D7625807244003A50E5 /* TextField1TableViewCell.xib */; };
		41017D7C25807252003A50E5 /* ButtonTableViewCell.swift in Sources */ = {isa = PBXBuildFile; fileRef = 41017D7A25807252003A50E5 /* ButtonTableViewCell.swift */; };
		41017D7D25807252003A50E5 /* ButtonTableViewCell.xib in Resources */ = {isa = PBXBuildFile; fileRef = 41017D7B25807252003A50E5 /* ButtonTableViewCell.xib */; };
		415F1851280922400006773D /* BLEDemoTests.swift in Sources */ = {isa = PBXBuildFile; fileRef = 415F1850280922400006773D /* BLEDemoTests.swift */; };
		415F185E2809224A0006773D /* BLEDemoUITests.swift in Sources */ = {isa = PBXBuildFile; fileRef = 415F185D2809224A0006773D /* BLEDemoUITests.swift */; };
		415F18602809224A0006773D /* BLEDemoUITestsLaunchTests.swift in Sources */ = {isa = PBXBuildFile; fileRef = 415F185F2809224A0006773D /* BLEDemoUITestsLaunchTests.swift */; };
		94362924207E136E00125CD2 /* AppDelegate.swift in Sources */ = {isa = PBXBuildFile; fileRef = 94362923207E136E00125CD2 /* AppDelegate.swift */; };
		94362926207E136E00125CD2 /* DeviceVC.swift in Sources */ = {isa = PBXBuildFile; fileRef = 94362925207E136E00125CD2 /* DeviceVC.swift */; };
		94362929207E136E00125CD2 /* Main.storyboard in Resources */ = {isa = PBXBuildFile; fileRef = 94362927207E136E00125CD2 /* Main.storyboard */; };
		9436292B207E136E00125CD2 /* Assets.xcassets in Resources */ = {isa = PBXBuildFile; fileRef = 9436292A207E136E00125CD2 /* Assets.xcassets */; };
		9436292E207E136E00125CD2 /* LaunchScreen.storyboard in Resources */ = {isa = PBXBuildFile; fileRef = 9436292C207E136E00125CD2 /* LaunchScreen.storyboard */; };
		94362936207E138200125CD2 /* BTManager.swift in Sources */ = {isa = PBXBuildFile; fileRef = 94362935207E138200125CD2 /* BTManager.swift */; };
		94362938207E242800125CD2 /* BTDevice.swift in Sources */ = {isa = PBXBuildFile; fileRef = 94362937207E242800125CD2 /* BTDevice.swift */; };
		94946FD121AE9D8E00C21618 /* NearbyDevicesVC.swift in Sources */ = {isa = PBXBuildFile; fileRef = 94946FD021AE9D8E00C21618 /* NearbyDevicesVC.swift */; };
		94946FD321AEA13500C21618 /* BTUUIDs.swift in Sources */ = {isa = PBXBuildFile; fileRef = 94946FD221AEA13500C21618 /* BTUUIDs.swift */; };
		94946FD521AEA2DD00C21618 /* BTUtils.swift in Sources */ = {isa = PBXBuildFile; fileRef = 94946FD421AEA2DD00C21618 /* BTUtils.swift */; };
		FD6F38D330F2C3831670033D /* Pods_BLEDemo.framework in Frameworks */ = {isa = PBXBuildFile; fileRef = 33E56D56AEB5A77463C9F3A9 /* Pods_BLEDemo.framework */; };
/* End PBXBuildFile section */

/* Begin PBXContainerItemProxy section */
		415F1852280922400006773D /* PBXContainerItemProxy */ = {
			isa = PBXContainerItemProxy;
			containerPortal = 94362918207E136E00125CD2 /* Project object */;
			proxyType = 1;
			remoteGlobalIDString = 9436291F207E136E00125CD2;
			remoteInfo = BLEDemo;
		};
		415F18612809224A0006773D /* PBXContainerItemProxy */ = {
			isa = PBXContainerItemProxy;
			containerPortal = 94362918207E136E00125CD2 /* Project object */;
			proxyType = 1;
			remoteGlobalIDString = 9436291F207E136E00125CD2;
			remoteInfo = BLEDemo;
		};
/* End PBXContainerItemProxy section */

/* Begin PBXFileReference section */
		33E56D56AEB5A77463C9F3A9 /* Pods_BLEDemo.framework */ = {isa = PBXFileReference; explicitFileType = wrapper.framework; includeInIndex = 0; path = Pods_BLEDemo.framework; sourceTree = BUILT_PRODUCTS_DIR; };
		41017D6B25807226003A50E5 /* LableTableViewCell.swift */ = {isa = PBXFileReference; lastKnownFileType = sourcecode.swift; path = LableTableViewCell.swift; sourceTree = "<group>"; };
		41017D6C25807226003A50E5 /* LableTableViewCell.xib */ = {isa = PBXFileReference; lastKnownFileType = file.xib; path = LableTableViewCell.xib; sourceTree = "<group>"; };
		41017D7025807236003A50E5 /* TextFieldTableViewCell.swift */ = {isa = PBXFileReference; lastKnownFileType = sourcecode.swift; path = TextFieldTableViewCell.swift; sourceTree = "<group>"; };
		41017D7125807236003A50E5 /* TextFieldTableViewCell.xib */ = {isa = PBXFileReference; lastKnownFileType = file.xib; path = TextFieldTableViewCell.xib; sourceTree = "<group>"; };
		41017D7525807244003A50E5 /* TextField1TableViewCell.swift */ = {isa = PBXFileReference; lastKnownFileType = sourcecode.swift; path = TextField1TableViewCell.swift; sourceTree = "<group>"; };
		41017D7625807244003A50E5 /* TextField1TableViewCell.xib */ = {isa = PBXFileReference; lastKnownFileType = file.xib; path = TextField1TableViewCell.xib; sourceTree = "<group>"; };
		41017D7A25807252003A50E5 /* ButtonTableViewCell.swift */ = {isa = PBXFileReference; lastKnownFileType = sourcecode.swift; path = ButtonTableViewCell.swift; sourceTree = "<group>"; };
		41017D7B25807252003A50E5 /* ButtonTableViewCell.xib */ = {isa = PBXFileReference; lastKnownFileType = file.xib; path = ButtonTableViewCell.xib; sourceTree = "<group>"; };
		415F184E280922400006773D /* BLEDemoTests.xctest */ = {isa = PBXFileReference; explicitFileType = wrapper.cfbundle; includeInIndex = 0; path = BLEDemoTests.xctest; sourceTree = BUILT_PRODUCTS_DIR; };
		415F1850280922400006773D /* BLEDemoTests.swift */ = {isa = PBXFileReference; lastKnownFileType = sourcecode.swift; path = BLEDemoTests.swift; sourceTree = "<group>"; };
		415F185B2809224A0006773D /* BLEDemoUITests.xctest */ = {isa = PBXFileReference; explicitFileType = wrapper.cfbundle; includeInIndex = 0; path = BLEDemoUITests.xctest; sourceTree = BUILT_PRODUCTS_DIR; };
		415F185D2809224A0006773D /* BLEDemoUITests.swift */ = {isa = PBXFileReference; lastKnownFileType = sourcecode.swift; path = BLEDemoUITests.swift; sourceTree = "<group>"; };
		415F185F2809224A0006773D /* BLEDemoUITestsLaunchTests.swift */ = {isa = PBXFileReference; lastKnownFileType = sourcecode.swift; path = BLEDemoUITestsLaunchTests.swift; sourceTree = "<group>"; };
		94362920207E136E00125CD2 /* BLEDemo.app */ = {isa = PBXFileReference; explicitFileType = wrapper.application; includeInIndex = 0; path = BLEDemo.app; sourceTree = BUILT_PRODUCTS_DIR; };
		94362923207E136E00125CD2 /* AppDelegate.swift */ = {isa = PBXFileReference; lastKnownFileType = sourcecode.swift; path = AppDelegate.swift; sourceTree = "<group>"; };
		94362925207E136E00125CD2 /* DeviceVC.swift */ = {isa = PBXFileReference; lastKnownFileType = sourcecode.swift; path = DeviceVC.swift; sourceTree = "<group>"; };
		94362928207E136E00125CD2 /* Base */ = {isa = PBXFileReference; lastKnownFileType = file.storyboard; name = Base; path = Base.lproj/Main.storyboard; sourceTree = "<group>"; };
		9436292A207E136E00125CD2 /* Assets.xcassets */ = {isa = PBXFileReference; lastKnownFileType = folder.assetcatalog; path = Assets.xcassets; sourceTree = "<group>"; };
		9436292D207E136E00125CD2 /* Base */ = {isa = PBXFileReference; lastKnownFileType = file.storyboard; name = Base; path = Base.lproj/LaunchScreen.storyboard; sourceTree = "<group>"; };
		9436292F207E136E00125CD2 /* Info.plist */ = {isa = PBXFileReference; lastKnownFileType = text.plist.xml; path = Info.plist; sourceTree = "<group>"; };
		94362935207E138200125CD2 /* BTManager.swift */ = {isa = PBXFileReference; lastKnownFileType = sourcecode.swift; path = BTManager.swift; sourceTree = "<group>"; };
		94362937207E242800125CD2 /* BTDevice.swift */ = {isa = PBXFileReference; lastKnownFileType = sourcecode.swift; path = BTDevice.swift; sourceTree = "<group>"; };
		94946FD021AE9D8E00C21618 /* NearbyDevicesVC.swift */ = {isa = PBXFileReference; lastKnownFileType = sourcecode.swift; path = NearbyDevicesVC.swift; sourceTree = "<group>"; };
		94946FD221AEA13500C21618 /* BTUUIDs.swift */ = {isa = PBXFileReference; lastKnownFileType = sourcecode.swift; path = BTUUIDs.swift; sourceTree = "<group>"; };
		94946FD421AEA2DD00C21618 /* BTUtils.swift */ = {isa = PBXFileReference; lastKnownFileType = sourcecode.swift; path = BTUtils.swift; sourceTree = "<group>"; };
		A625C32D7D9B8C7BC1416F75 /* Pods-BLEDemo.release.xcconfig */ = {isa = PBXFileReference; includeInIndex = 1; lastKnownFileType = text.xcconfig; name = "Pods-BLEDemo.release.xcconfig"; path = "Target Support Files/Pods-BLEDemo/Pods-BLEDemo.release.xcconfig"; sourceTree = "<group>"; };
		FF810AB8440801D285CE8449 /* Pods-BLEDemo.debug.xcconfig */ = {isa = PBXFileReference; includeInIndex = 1; lastKnownFileType = text.xcconfig; name = "Pods-BLEDemo.debug.xcconfig"; path = "Target Support Files/Pods-BLEDemo/Pods-BLEDemo.debug.xcconfig"; sourceTree = "<group>"; };
/* End PBXFileReference section */

/* Begin PBXFrameworksBuildPhase section */
		415F184B280922400006773D /* Frameworks */ = {
			isa = PBXFrameworksBuildPhase;
			buildActionMask = 2147483647;
			files = (
			);
			runOnlyForDeploymentPostprocessing = 0;
		};
		415F18582809224A0006773D /* Frameworks */ = {
			isa = PBXFrameworksBuildPhase;
			buildActionMask = 2147483647;
			files = (
			);
			runOnlyForDeploymentPostprocessing = 0;
		};
		9436291D207E136E00125CD2 /* Frameworks */ = {
			isa = PBXFrameworksBuildPhase;
			buildActionMask = 2147483647;
			files = (
				FD6F38D330F2C3831670033D /* Pods_BLEDemo.framework in Frameworks */,
			);
			runOnlyForDeploymentPostprocessing = 0;
		};
/* End PBXFrameworksBuildPhase section */

/* Begin PBXGroup section */
		07AB275E694D9E69A41B50F7 /* Frameworks */ = {
			isa = PBXGroup;
			children = (
				33E56D56AEB5A77463C9F3A9 /* Pods_BLEDemo.framework */,
			);
			name = Frameworks;
			sourceTree = "<group>";
		};
		41017D64258071D2003A50E5 /* customCells */ = {
			isa = PBXGroup;
			children = (
				41017D6B25807226003A50E5 /* LableTableViewCell.swift */,
				41017D6C25807226003A50E5 /* LableTableViewCell.xib */,
				41017D7025807236003A50E5 /* TextFieldTableViewCell.swift */,
				41017D7125807236003A50E5 /* TextFieldTableViewCell.xib */,
				41017D7525807244003A50E5 /* TextField1TableViewCell.swift */,
				41017D7625807244003A50E5 /* TextField1TableViewCell.xib */,
				41017D7A25807252003A50E5 /* ButtonTableViewCell.swift */,
				41017D7B25807252003A50E5 /* ButtonTableViewCell.xib */,
			);
			path = customCells;
			sourceTree = "<group>";
		};
		415F184F280922400006773D /* BLEDemoTests */ = {
			isa = PBXGroup;
			children = (
				415F1850280922400006773D /* BLEDemoTests.swift */,
			);
			path = BLEDemoTests;
			sourceTree = "<group>";
		};
		415F185C2809224A0006773D /* BLEDemoUITests */ = {
			isa = PBXGroup;
			children = (
				415F185D2809224A0006773D /* BLEDemoUITests.swift */,
				415F185F2809224A0006773D /* BLEDemoUITestsLaunchTests.swift */,
			);
			path = BLEDemoUITests;
			sourceTree = "<group>";
		};
		82528ED7A382D669023A3B46 /* Pods */ = {
			isa = PBXGroup;
			children = (
				FF810AB8440801D285CE8449 /* Pods-BLEDemo.debug.xcconfig */,
				A625C32D7D9B8C7BC1416F75 /* Pods-BLEDemo.release.xcconfig */,
			);
			path = Pods;
			sourceTree = "<group>";
		};
		94362917207E136E00125CD2 = {
			isa = PBXGroup;
			children = (
				94362922207E136E00125CD2 /* BLEDemo */,
				415F184F280922400006773D /* BLEDemoTests */,
				415F185C2809224A0006773D /* BLEDemoUITests */,
				94362921207E136E00125CD2 /* Products */,
				82528ED7A382D669023A3B46 /* Pods */,
				07AB275E694D9E69A41B50F7 /* Frameworks */,
			);
			sourceTree = "<group>";
		};
		94362921207E136E00125CD2 /* Products */ = {
			isa = PBXGroup;
			children = (
				94362920207E136E00125CD2 /* BLEDemo.app */,
				415F184E280922400006773D /* BLEDemoTests.xctest */,
				415F185B2809224A0006773D /* BLEDemoUITests.xctest */,
			);
			name = Products;
			sourceTree = "<group>";
		};
		94362922207E136E00125CD2 /* BLEDemo */ = {
			isa = PBXGroup;
			children = (
				94946FCE21AE9CDB00C21618 /* Bluetooth */,
				94946FCF21AE9CF000C21618 /* UI */,
				94362923207E136E00125CD2 /* AppDelegate.swift */,
				9436292A207E136E00125CD2 /* Assets.xcassets */,
				9436292F207E136E00125CD2 /* Info.plist */,
			);
			path = BLEDemo;
			sourceTree = "<group>";
		};
		94946FCE21AE9CDB00C21618 /* Bluetooth */ = {
			isa = PBXGroup;
			children = (
				94362935207E138200125CD2 /* BTManager.swift */,
				94362937207E242800125CD2 /* BTDevice.swift */,
				94946FD221AEA13500C21618 /* BTUUIDs.swift */,
				94946FD421AEA2DD00C21618 /* BTUtils.swift */,
			);
			path = Bluetooth;
			sourceTree = "<group>";
		};
		94946FCF21AE9CF000C21618 /* UI */ = {
			isa = PBXGroup;
			children = (
				41017D64258071D2003A50E5 /* customCells */,
				9436292C207E136E00125CD2 /* LaunchScreen.storyboard */,
				94362927207E136E00125CD2 /* Main.storyboard */,
				94362925207E136E00125CD2 /* DeviceVC.swift */,
				94946FD021AE9D8E00C21618 /* NearbyDevicesVC.swift */,
			);
			path = UI;
			sourceTree = "<group>";
		};
/* End PBXGroup section */

/* Begin PBXNativeTarget section */
		415F184D280922400006773D /* BLEDemoTests */ = {
			isa = PBXNativeTarget;
			buildConfigurationList = 415F1856280922400006773D /* Build configuration list for PBXNativeTarget "BLEDemoTests" */;
			buildPhases = (
				415F184A280922400006773D /* Sources */,
				415F184B280922400006773D /* Frameworks */,
				415F184C280922400006773D /* Resources */,
			);
			buildRules = (
			);
			dependencies = (
				415F1853280922400006773D /* PBXTargetDependency */,
			);
			name = BLEDemoTests;
			productName = BLEDemoTests;
			productReference = 415F184E280922400006773D /* BLEDemoTests.xctest */;
			productType = "com.apple.product-type.bundle.unit-test";
		};
		415F185A2809224A0006773D /* BLEDemoUITests */ = {
			isa = PBXNativeTarget;
			buildConfigurationList = 415F18632809224A0006773D /* Build configuration list for PBXNativeTarget "BLEDemoUITests" */;
			buildPhases = (
				415F18572809224A0006773D /* Sources */,
				415F18582809224A0006773D /* Frameworks */,
				415F18592809224A0006773D /* Resources */,
			);
			buildRules = (
			);
			dependencies = (
				415F18622809224A0006773D /* PBXTargetDependency */,
			);
			name = BLEDemoUITests;
			productName = BLEDemoUITests;
			productReference = 415F185B2809224A0006773D /* BLEDemoUITests.xctest */;
			productType = "com.apple.product-type.bundle.ui-testing";
		};
		9436291F207E136E00125CD2 /* BLEDemo */ = {
			isa = PBXNativeTarget;
			buildConfigurationList = 94362932207E136E00125CD2 /* Build configuration list for PBXNativeTarget "BLEDemo" */;
			buildPhases = (
				B16CA3BAF54BB1A2EE67CEAE /* [CP] Check Pods Manifest.lock */,
				9436291C207E136E00125CD2 /* Sources */,
				9436291D207E136E00125CD2 /* Frameworks */,
				9436291E207E136E00125CD2 /* Resources */,
				69426C36100BBD3D3D2BE98B /* [CP] Embed Pods Frameworks */,
			);
			buildRules = (
			);
			dependencies = (
			);
			name = BLEDemo;
			productName = BLEDemo;
			productReference = 94362920207E136E00125CD2 /* BLEDemo.app */;
			productType = "com.apple.product-type.application";
		};
/* End PBXNativeTarget section */

/* Begin PBXProject section */
		94362918207E136E00125CD2 /* Project object */ = {
			isa = PBXProject;
			attributes = {
				LastSwiftUpdateCheck = 1320;
				LastUpgradeCheck = 0930;
				ORGANIZATIONNAME = Dzindra;
				TargetAttributes = {
					415F184D280922400006773D = {
						CreatedOnToolsVersion = 13.2.1;
						ProvisioningStyle = Automatic;
						TestTargetID = 9436291F207E136E00125CD2;
					};
					415F185A2809224A0006773D = {
						CreatedOnToolsVersion = 13.2.1;
						ProvisioningStyle = Automatic;
						TestTargetID = 9436291F207E136E00125CD2;
					};
					9436291F207E136E00125CD2 = {
						CreatedOnToolsVersion = 9.2;
						LastSwiftMigration = 1010;
						ProvisioningStyle = Manual;
						SystemCapabilities = {
							com.apple.BackgroundModes = {
								enabled = 1;
							};
						};
					};
				};
			};
			buildConfigurationList = 9436291B207E136E00125CD2 /* Build configuration list for PBXProject "BLEDemo" */;
			compatibilityVersion = "Xcode 8.0";
			developmentRegion = en;
			hasScannedForEncodings = 0;
			knownRegions = (
				en,
				Base,
			);
			mainGroup = 94362917207E136E00125CD2;
			productRefGroup = 94362921207E136E00125CD2 /* Products */;
			projectDirPath = "";
			projectRoot = "";
			targets = (
				9436291F207E136E00125CD2 /* BLEDemo */,
				415F184D280922400006773D /* BLEDemoTests */,
				415F185A2809224A0006773D /* BLEDemoUITests */,
			);
		};
/* End PBXProject section */

/* Begin PBXResourcesBuildPhase section */
		415F184C280922400006773D /* Resources */ = {
			isa = PBXResourcesBuildPhase;
			buildActionMask = 2147483647;
			files = (
			);
			runOnlyForDeploymentPostprocessing = 0;
		};
		415F18592809224A0006773D /* Resources */ = {
			isa = PBXResourcesBuildPhase;
			buildActionMask = 2147483647;
			files = (
			);
			runOnlyForDeploymentPostprocessing = 0;
		};
		9436291E207E136E00125CD2 /* Resources */ = {
			isa = PBXResourcesBuildPhase;
			buildActionMask = 2147483647;
			files = (
				9436292E207E136E00125CD2 /* LaunchScreen.storyboard in Resources */,
				9436292B207E136E00125CD2 /* Assets.xcassets in Resources */,
				41017D7325807236003A50E5 /* TextFieldTableViewCell.xib in Resources */,
				41017D7D25807252003A50E5 /* ButtonTableViewCell.xib in Resources */,
				41017D7825807244003A50E5 /* TextField1TableViewCell.xib in Resources */,
				41017D6E25807226003A50E5 /* LableTableViewCell.xib in Resources */,
				94362929207E136E00125CD2 /* Main.storyboard in Resources */,
			);
			runOnlyForDeploymentPostprocessing = 0;
		};
/* End PBXResourcesBuildPhase section */

/* Begin PBXShellScriptBuildPhase section */
		69426C36100BBD3D3D2BE98B /* [CP] Embed Pods Frameworks */ = {
			isa = PBXShellScriptBuildPhase;
			buildActionMask = 2147483647;
			files = (
			);
			inputPaths = (
				"${PODS_ROOT}/Target Support Files/Pods-BLEDemo/Pods-BLEDemo-frameworks.sh",
				"${BUILT_PRODUCTS_DIR}/DropDown/DropDown.framework",
				"${BUILT_PRODUCTS_DIR}/Toast-Swift/Toast_Swift.framework",
			);
			name = "[CP] Embed Pods Frameworks";
			outputPaths = (
				"${TARGET_BUILD_DIR}/${FRAMEWORKS_FOLDER_PATH}/DropDown.framework",
				"${TARGET_BUILD_DIR}/${FRAMEWORKS_FOLDER_PATH}/Toast_Swift.framework",
			);
			runOnlyForDeploymentPostprocessing = 0;
			shellPath = /bin/sh;
			shellScript = "\"${PODS_ROOT}/Target Support Files/Pods-BLEDemo/Pods-BLEDemo-frameworks.sh\"\n";
			showEnvVarsInLog = 0;
		};
		B16CA3BAF54BB1A2EE67CEAE /* [CP] Check Pods Manifest.lock */ = {
			isa = PBXShellScriptBuildPhase;
			buildActionMask = 2147483647;
			files = (
			);
			inputFileListPaths = (
			);
			inputPaths = (
				"${PODS_PODFILE_DIR_PATH}/Podfile.lock",
				"${PODS_ROOT}/Manifest.lock",
			);
			name = "[CP] Check Pods Manifest.lock";
			outputFileListPaths = (
			);
			outputPaths = (
				"$(DERIVED_FILE_DIR)/Pods-BLEDemo-checkManifestLockResult.txt",
			);
			runOnlyForDeploymentPostprocessing = 0;
			shellPath = /bin/sh;
			shellScript = "diff \"${PODS_PODFILE_DIR_PATH}/Podfile.lock\" \"${PODS_ROOT}/Manifest.lock\" > /dev/null\nif [ $? != 0 ] ; then\n    # print error to STDERR\n    echo \"error: The sandbox is not in sync with the Podfile.lock. Run 'pod install' or update your CocoaPods installation.\" >&2\n    exit 1\nfi\n# This output is used by Xcode 'outputs' to avoid re-running this script phase.\necho \"SUCCESS\" > \"${SCRIPT_OUTPUT_FILE_0}\"\n";
			showEnvVarsInLog = 0;
		};
/* End PBXShellScriptBuildPhase section */

/* Begin PBXSourcesBuildPhase section */
		415F184A280922400006773D /* Sources */ = {
			isa = PBXSourcesBuildPhase;
			buildActionMask = 2147483647;
			files = (
				415F1851280922400006773D /* BLEDemoTests.swift in Sources */,
			);
			runOnlyForDeploymentPostprocessing = 0;
		};
		415F18572809224A0006773D /* Sources */ = {
			isa = PBXSourcesBuildPhase;
			buildActionMask = 2147483647;
			files = (
				415F185E2809224A0006773D /* BLEDemoUITests.swift in Sources */,
				415F18602809224A0006773D /* BLEDemoUITestsLaunchTests.swift in Sources */,
			);
			runOnlyForDeploymentPostprocessing = 0;
		};
		9436291C207E136E00125CD2 /* Sources */ = {
			isa = PBXSourcesBuildPhase;
			buildActionMask = 2147483647;
			files = (
				94362926207E136E00125CD2 /* DeviceVC.swift in Sources */,
				41017D7C25807252003A50E5 /* ButtonTableViewCell.swift in Sources */,
				94362924207E136E00125CD2 /* AppDelegate.swift in Sources */,
				94946FD321AEA13500C21618 /* BTUUIDs.swift in Sources */,
				94362936207E138200125CD2 /* BTManager.swift in Sources */,
				94362938207E242800125CD2 /* BTDevice.swift in Sources */,
				94946FD521AEA2DD00C21618 /* BTUtils.swift in Sources */,
				41017D7225807236003A50E5 /* TextFieldTableViewCell.swift in Sources */,
				41017D7725807244003A50E5 /* TextField1TableViewCell.swift in Sources */,
				41017D6D25807226003A50E5 /* LableTableViewCell.swift in Sources */,
				94946FD121AE9D8E00C21618 /* NearbyDevicesVC.swift in Sources */,
			);
			runOnlyForDeploymentPostprocessing = 0;
		};
/* End PBXSourcesBuildPhase section */

/* Begin PBXTargetDependency section */
		415F1853280922400006773D /* PBXTargetDependency */ = {
			isa = PBXTargetDependency;
			target = 9436291F207E136E00125CD2 /* BLEDemo */;
			targetProxy = 415F1852280922400006773D /* PBXContainerItemProxy */;
		};
		415F18622809224A0006773D /* PBXTargetDependency */ = {
			isa = PBXTargetDependency;
			target = 9436291F207E136E00125CD2 /* BLEDemo */;
			targetProxy = 415F18612809224A0006773D /* PBXContainerItemProxy */;
		};
/* End PBXTargetDependency section */

/* Begin PBXVariantGroup section */
		94362927207E136E00125CD2 /* Main.storyboard */ = {
			isa = PBXVariantGroup;
			children = (
				94362928207E136E00125CD2 /* Base */,
			);
			name = Main.storyboard;
			sourceTree = "<group>";
		};
		9436292C207E136E00125CD2 /* LaunchScreen.storyboard */ = {
			isa = PBXVariantGroup;
			children = (
				9436292D207E136E00125CD2 /* Base */,
			);
			name = LaunchScreen.storyboard;
			sourceTree = "<group>";
		};
/* End PBXVariantGroup section */

/* Begin XCBuildConfiguration section */
		415F1854280922400006773D /* Debug */ = {
			isa = XCBuildConfiguration;
			buildSettings = {
				BUNDLE_LOADER = "$(TEST_HOST)";
				CLANG_CXX_LANGUAGE_STANDARD = "gnu++17";
				CLANG_ENABLE_OBJC_WEAK = YES;
				CLANG_WARN_QUOTED_INCLUDE_IN_FRAMEWORK_HEADER = YES;
				CODE_SIGN_STYLE = Automatic;
				CURRENT_PROJECT_VERSION = 1;
				GENERATE_INFOPLIST_FILE = YES;
				IPHONEOS_DEPLOYMENT_TARGET = 15.2;
				MARKETING_VERSION = 1.0;
				MTL_ENABLE_DEBUG_INFO = INCLUDE_SOURCE;
				MTL_FAST_MATH = YES;
				PRODUCT_BUNDLE_IDENTIFIER = hungle.BLEDemoTests;
				PRODUCT_NAME = "$(TARGET_NAME)";
				SWIFT_EMIT_LOC_STRINGS = NO;
				SWIFT_VERSION = 5.0;
				TARGETED_DEVICE_FAMILY = "1,2";
				TEST_HOST = "$(BUILT_PRODUCTS_DIR)/BLEDemo.app/BLEDemo";
			};
			name = Debug;
		};
		415F1855280922400006773D /* Release */ = {
			isa = XCBuildConfiguration;
			buildSettings = {
				BUNDLE_LOADER = "$(TEST_HOST)";
				CLANG_CXX_LANGUAGE_STANDARD = "gnu++17";
				CLANG_ENABLE_OBJC_WEAK = YES;
				CLANG_WARN_QUOTED_INCLUDE_IN_FRAMEWORK_HEADER = YES;
				CODE_SIGN_STYLE = Automatic;
				CURRENT_PROJECT_VERSION = 1;
				GENERATE_INFOPLIST_FILE = YES;
				IPHONEOS_DEPLOYMENT_TARGET = 15.2;
				MARKETING_VERSION = 1.0;
				MTL_FAST_MATH = YES;
				PRODUCT_BUNDLE_IDENTIFIER = hungle.BLEDemoTests;
				PRODUCT_NAME = "$(TARGET_NAME)";
				SWIFT_EMIT_LOC_STRINGS = NO;
				SWIFT_VERSION = 5.0;
				TARGETED_DEVICE_FAMILY = "1,2";
				TEST_HOST = "$(BUILT_PRODUCTS_DIR)/BLEDemo.app/BLEDemo";
			};
			name = Release;
		};
		415F18642809224A0006773D /* Debug */ = {
			isa = XCBuildConfiguration;
			buildSettings = {
				CLANG_CXX_LANGUAGE_STANDARD = "gnu++17";
				CLANG_ENABLE_OBJC_WEAK = YES;
				CLANG_WARN_QUOTED_INCLUDE_IN_FRAMEWORK_HEADER = YES;
				CODE_SIGN_STYLE = Automatic;
				CURRENT_PROJECT_VERSION = 1;
				GENERATE_INFOPLIST_FILE = YES;
				IPHONEOS_DEPLOYMENT_TARGET = 15.2;
				MARKETING_VERSION = 1.0;
				MTL_ENABLE_DEBUG_INFO = INCLUDE_SOURCE;
				MTL_FAST_MATH = YES;
				PRODUCT_BUNDLE_IDENTIFIER = hungle.BLEDemoUITests;
				PRODUCT_NAME = "$(TARGET_NAME)";
				SWIFT_EMIT_LOC_STRINGS = NO;
				SWIFT_VERSION = 5.0;
				TARGETED_DEVICE_FAMILY = "1,2";
				TEST_TARGET_NAME = BLEDemo;
			};
			name = Debug;
		};
		415F18652809224A0006773D /* Release */ = {
			isa = XCBuildConfiguration;
			buildSettings = {
				CLANG_CXX_LANGUAGE_STANDARD = "gnu++17";
				CLANG_ENABLE_OBJC_WEAK = YES;
				CLANG_WARN_QUOTED_INCLUDE_IN_FRAMEWORK_HEADER = YES;
				CODE_SIGN_STYLE = Automatic;
				CURRENT_PROJECT_VERSION = 1;
				GENERATE_INFOPLIST_FILE = YES;
				IPHONEOS_DEPLOYMENT_TARGET = 15.2;
				MARKETING_VERSION = 1.0;
				MTL_FAST_MATH = YES;
				PRODUCT_BUNDLE_IDENTIFIER = hungle.BLEDemoUITests;
				PRODUCT_NAME = "$(TARGET_NAME)";
				SWIFT_EMIT_LOC_STRINGS = NO;
				SWIFT_VERSION = 5.0;
				TARGETED_DEVICE_FAMILY = "1,2";
				TEST_TARGET_NAME = BLEDemo;
			};
			name = Release;
		};
		94362930207E136E00125CD2 /* Debug */ = {
			isa = XCBuildConfiguration;
			buildSettings = {
				ALWAYS_SEARCH_USER_PATHS = NO;
				CLANG_ANALYZER_NONNULL = YES;
				CLANG_ANALYZER_NUMBER_OBJECT_CONVERSION = YES_AGGRESSIVE;
				CLANG_CXX_LANGUAGE_STANDARD = "gnu++14";
				CLANG_CXX_LIBRARY = "libc++";
				CLANG_ENABLE_MODULES = YES;
				CLANG_ENABLE_OBJC_ARC = YES;
				CLANG_WARN_BLOCK_CAPTURE_AUTORELEASING = YES;
				CLANG_WARN_BOOL_CONVERSION = YES;
				CLANG_WARN_COMMA = YES;
				CLANG_WARN_CONSTANT_CONVERSION = YES;
				CLANG_WARN_DEPRECATED_OBJC_IMPLEMENTATIONS = YES;
				CLANG_WARN_DIRECT_OBJC_ISA_USAGE = YES_ERROR;
				CLANG_WARN_DOCUMENTATION_COMMENTS = YES;
				CLANG_WARN_EMPTY_BODY = YES;
				CLANG_WARN_ENUM_CONVERSION = YES;
				CLANG_WARN_INFINITE_RECURSION = YES;
				CLANG_WARN_INT_CONVERSION = YES;
				CLANG_WARN_NON_LITERAL_NULL_CONVERSION = YES;
				CLANG_WARN_OBJC_IMPLICIT_RETAIN_SELF = YES;
				CLANG_WARN_OBJC_LITERAL_CONVERSION = YES;
				CLANG_WARN_OBJC_ROOT_CLASS = YES_ERROR;
				CLANG_WARN_RANGE_LOOP_ANALYSIS = YES;
				CLANG_WARN_STRICT_PROTOTYPES = YES;
				CLANG_WARN_SUSPICIOUS_MOVE = YES;
				CLANG_WARN_UNGUARDED_AVAILABILITY = YES_AGGRESSIVE;
				CLANG_WARN_UNREACHABLE_CODE = YES;
				CLANG_WARN__DUPLICATE_METHOD_MATCH = YES;
				CODE_SIGN_IDENTITY = "iPhone Developer";
				COPY_PHASE_STRIP = NO;
				DEBUG_INFORMATION_FORMAT = dwarf;
				ENABLE_STRICT_OBJC_MSGSEND = YES;
				ENABLE_TESTABILITY = YES;
				GCC_C_LANGUAGE_STANDARD = gnu11;
				GCC_DYNAMIC_NO_PIC = NO;
				GCC_NO_COMMON_BLOCKS = YES;
				GCC_OPTIMIZATION_LEVEL = 0;
				GCC_PREPROCESSOR_DEFINITIONS = (
					"DEBUG=1",
					"$(inherited)",
				);
				GCC_WARN_64_TO_32_BIT_CONVERSION = YES;
				GCC_WARN_ABOUT_RETURN_TYPE = YES_ERROR;
				GCC_WARN_UNDECLARED_SELECTOR = YES;
				GCC_WARN_UNINITIALIZED_AUTOS = YES_AGGRESSIVE;
				GCC_WARN_UNUSED_FUNCTION = YES;
				GCC_WARN_UNUSED_VARIABLE = YES;
				IPHONEOS_DEPLOYMENT_TARGET = 10.0;
				MTL_ENABLE_DEBUG_INFO = YES;
				ONLY_ACTIVE_ARCH = YES;
				SDKROOT = iphoneos;
				SWIFT_ACTIVE_COMPILATION_CONDITIONS = DEBUG;
				SWIFT_OPTIMIZATION_LEVEL = "-Onone";
			};
			name = Debug;
		};
		94362931207E136E00125CD2 /* Release */ = {
			isa = XCBuildConfiguration;
			buildSettings = {
				ALWAYS_SEARCH_USER_PATHS = NO;
				CLANG_ANALYZER_NONNULL = YES;
				CLANG_ANALYZER_NUMBER_OBJECT_CONVERSION = YES_AGGRESSIVE;
				CLANG_CXX_LANGUAGE_STANDARD = "gnu++14";
				CLANG_CXX_LIBRARY = "libc++";
				CLANG_ENABLE_MODULES = YES;
				CLANG_ENABLE_OBJC_ARC = YES;
				CLANG_WARN_BLOCK_CAPTURE_AUTORELEASING = YES;
				CLANG_WARN_BOOL_CONVERSION = YES;
				CLANG_WARN_COMMA = YES;
				CLANG_WARN_CONSTANT_CONVERSION = YES;
				CLANG_WARN_DEPRECATED_OBJC_IMPLEMENTATIONS = YES;
				CLANG_WARN_DIRECT_OBJC_ISA_USAGE = YES_ERROR;
				CLANG_WARN_DOCUMENTATION_COMMENTS = YES;
				CLANG_WARN_EMPTY_BODY = YES;
				CLANG_WARN_ENUM_CONVERSION = YES;
				CLANG_WARN_INFINITE_RECURSION = YES;
				CLANG_WARN_INT_CONVERSION = YES;
				CLANG_WARN_NON_LITERAL_NULL_CONVERSION = YES;
				CLANG_WARN_OBJC_IMPLICIT_RETAIN_SELF = YES;
				CLANG_WARN_OBJC_LITERAL_CONVERSION = YES;
				CLANG_WARN_OBJC_ROOT_CLASS = YES_ERROR;
				CLANG_WARN_RANGE_LOOP_ANALYSIS = YES;
				CLANG_WARN_STRICT_PROTOTYPES = YES;
				CLANG_WARN_SUSPICIOUS_MOVE = YES;
				CLANG_WARN_UNGUARDED_AVAILABILITY = YES_AGGRESSIVE;
				CLANG_WARN_UNREACHABLE_CODE = YES;
				CLANG_WARN__DUPLICATE_METHOD_MATCH = YES;
				CODE_SIGN_IDENTITY = "iPhone Developer";
				COPY_PHASE_STRIP = NO;
				DEBUG_INFORMATION_FORMAT = "dwarf-with-dsym";
				ENABLE_NS_ASSERTIONS = NO;
				ENABLE_STRICT_OBJC_MSGSEND = YES;
				GCC_C_LANGUAGE_STANDARD = gnu11;
				GCC_NO_COMMON_BLOCKS = YES;
				GCC_WARN_64_TO_32_BIT_CONVERSION = YES;
				GCC_WARN_ABOUT_RETURN_TYPE = YES_ERROR;
				GCC_WARN_UNDECLARED_SELECTOR = YES;
				GCC_WARN_UNINITIALIZED_AUTOS = YES_AGGRESSIVE;
				GCC_WARN_UNUSED_FUNCTION = YES;
				GCC_WARN_UNUSED_VARIABLE = YES;
				IPHONEOS_DEPLOYMENT_TARGET = 10.0;
				MTL_ENABLE_DEBUG_INFO = NO;
				SDKROOT = iphoneos;
				SWIFT_OPTIMIZATION_LEVEL = "-Owholemodule";
				VALIDATE_PRODUCT = YES;
			};
			name = Release;
		};
		94362933207E136E00125CD2 /* Debug */ = {
			isa = XCBuildConfiguration;
			baseConfigurationReference = FF810AB8440801D285CE8449 /* Pods-BLEDemo.debug.xcconfig */;
			buildSettings = {
				ASSETCATALOG_COMPILER_APPICON_NAME = AppIcon;
				CODE_SIGN_IDENTITY = "iPhone Distribution";
				CODE_SIGN_STYLE = Manual;
				CURRENT_PROJECT_VERSION = 13;
				DEVELOPMENT_TEAM = 9C894JZ64S;
				INFOPLIST_FILE = BLEDemo/Info.plist;
				IPHONEOS_DEPLOYMENT_TARGET = 10.0;
				LD_RUNPATH_SEARCH_PATHS = "$(inherited) @executable_path/Frameworks";
				MARKETING_VERSION = 1.0;
				PRODUCT_BUNDLE_IDENTIFIER = com.jmj.bledemo;
				PRODUCT_NAME = "$(TARGET_NAME)";
				PROVISIONING_PROFILE_SPECIFIER = "match AppStore com.jmj.bledemo";
				SWIFT_VERSION = 4.2;
				TARGETED_DEVICE_FAMILY = "1,2";
			};
			name = Debug;
		};
		94362934207E136E00125CD2 /* Release */ = {
			isa = XCBuildConfiguration;
			baseConfigurationReference = A625C32D7D9B8C7BC1416F75 /* Pods-BLEDemo.release.xcconfig */;
			buildSettings = {
				ASSETCATALOG_COMPILER_APPICON_NAME = AppIcon;
				CODE_SIGN_IDENTITY = "iPhone Distribution";
				CODE_SIGN_STYLE = Manual;
				CURRENT_PROJECT_VERSION = 13;
				DEVELOPMENT_TEAM = 9C894JZ64S;
				INFOPLIST_FILE = BLEDemo/Info.plist;
				IPHONEOS_DEPLOYMENT_TARGET = 10.0;
				LD_RUNPATH_SEARCH_PATHS = "$(inherited) @executable_path/Frameworks";
				MARKETING_VERSION = 1.0;
				PRODUCT_BUNDLE_IDENTIFIER = com.jmj.bledemo;
				PRODUCT_NAME = "$(TARGET_NAME)";
				PROVISIONING_PROFILE_SPECIFIER = "match AppStore com.jmj.bledemo";
				SWIFT_VERSION = 4.2;
				TARGETED_DEVICE_FAMILY = "1,2";
			};
			name = Release;
		};
/* End XCBuildConfiguration section */

/* Begin XCConfigurationList section */
		415F1856280922400006773D /* Build configuration list for PBXNativeTarget "BLEDemoTests" */ = {
			isa = XCConfigurationList;
			buildConfigurations = (
				415F1854280922400006773D /* Debug */,
				415F1855280922400006773D /* Release */,
			);
			defaultConfigurationIsVisible = 0;
			defaultConfigurationName = Release;
		};
		415F18632809224A0006773D /* Build configuration list for PBXNativeTarget "BLEDemoUITests" */ = {
			isa = XCConfigurationList;
			buildConfigurations = (
				415F18642809224A0006773D /* Debug */,
				415F18652809224A0006773D /* Release */,
			);
			defaultConfigurationIsVisible = 0;
			defaultConfigurationName = Release;
		};
		9436291B207E136E00125CD2 /* Build configuration list for PBXProject "BLEDemo" */ = {
			isa = XCConfigurationList;
			buildConfigurations = (
				94362930207E136E00125CD2 /* Debug */,
				94362931207E136E00125CD2 /* Release */,
			);
			defaultConfigurationIsVisible = 0;
			defaultConfigurationName = Release;
		};
		94362932207E136E00125CD2 /* Build configuration list for PBXNativeTarget "BLEDemo" */ = {
			isa = XCConfigurationList;
			buildConfigurations = (
				94362933207E136E00125CD2 /* Debug */,
				94362934207E136E00125CD2 /* Release */,
			);
			defaultConfigurationIsVisible = 0;
			defaultConfigurationName = Release;
		};
/* End XCConfigurationList section */
	};
	rootObject = 94362918207E136E00125CD2 /* Project object */;
}
